
Microsoft Visual Studio Solution File, Format Version 12.00
# Visual Studio Version 17
VisualStudioVersion = 17.0.32112.339
MinimumVisualStudioVersion = 10.0.40219.1
Project("{9A19103F-16F7-4668-BE54-9A1E7A4F7556}") = "BarberShop", "BarberShop.csproj", "{08C91D92-A607-4E13-BE10-C5699BB14862}"
EndProject
Project("{FAE04EC0-301F-11D3-BF4B-00C04F79EFBC}") = "BarberShopTestSolution", "..\BarberShopTestSolution\BarberShopTestSolution.csproj", "{AE6651E0-D449-4A74-81C4-80A6FFAECFA7}"
EndProject
Global
	GlobalSection(SolutionConfigurationPlatforms) = preSolution
		Debug|Any CPU = Debug|Any CPU
		Release|Any CPU = Release|Any CPU
	EndGlobalSection
	GlobalSection(ProjectConfigurationPlatforms) = postSolution
		{08C91D92-A607-4E13-BE10-C5699BB14862}.Debug|Any CPU.ActiveCfg = Debug|Any CPU
		{08C91D92-A607-4E13-BE10-C5699BB14862}.Debug|Any CPU.Build.0 = Debug|Any CPU
		{08C91D92-A607-4E13-BE10-C5699BB14862}.Release|Any CPU.ActiveCfg = Release|Any CPU
		{08C91D92-A607-4E13-BE10-C5699BB14862}.Release|Any CPU.Build.0 = Release|Any CPU
		{AE6651E0-D449-4A74-81C4-80A6FFAECFA7}.Debug|Any CPU.ActiveCfg = Debug|Any CPU
		{AE6651E0-D449-4A74-81C4-80A6FFAECFA7}.Debug|Any CPU.Build.0 = Debug|Any CPU
		{AE6651E0-D449-4A74-81C4-80A6FFAECFA7}.Release|Any CPU.ActiveCfg = Release|Any CPU
		{AE6651E0-D449-4A74-81C4-80A6FFAECFA7}.Release|Any CPU.Build.0 = Release|Any CPU
	EndGlobalSection
	GlobalSection(SolutionProperties) = preSolution
		HideSolutionNode = FALSE
	EndGlobalSection
	GlobalSection(ExtensibilityGlobals) = postSolution
		SolutionGuid = {69E6BD58-DEF4-454D-9D68-BFADE1990960}
	EndGlobalSection
EndGlobal
